
Microsoft Visual Studio Solution File, Format Version 12.00
# Visual Studio Version 16
VisualStudioVersion = 16.0.29324.140
MinimumVisualStudioVersion = 10.0.40219.1
Project("{FAE04EC0-301F-11D3-BF4B-00C04F79EFBC}") = "Project3InfixToPostfix", "Project3InfixToPostfix\Project3InfixToPostfix.csproj", "{CE946B3C-AEF6-42F9-9262-7FFFC8C4B7F5}"
EndProject
Global
	GlobalSection(SolutionConfigurationPlatforms) = preSolution
		Debug|Any CPU = Debug|Any CPU
		Release|Any CPU = Release|Any CPU
	EndGlobalSection
	GlobalSection(ProjectConfigurationPlatforms) = postSolution
		{CE946B3C-AEF6-42F9-9262-7FFFC8C4B7F5}.Debug|Any CPU.ActiveCfg = Debug|Any CPU
		{CE946B3C-AEF6-42F9-9262-7FFFC8C4B7F5}.Debug|Any CPU.Build.0 = Debug|Any CPU
		{CE946B3C-AEF6-42F9-9262-7FFFC8C4B7F5}.Release|Any CPU.ActiveCfg = Release|Any CPU
		{CE946B3C-AEF6-42F9-9262-7FFFC8C4B7F5}.Release|Any CPU.Build.0 = Release|Any CPU
	EndGlobalSection
	GlobalSection(SolutionProperties) = preSolution
		HideSolutionNode = FALSE
	EndGlobalSection
	GlobalSection(ExtensibilityGlobals) = postSolution
		SolutionGuid = {BBA0116F-46CA-4475-9A8C-9E54DB0FD34A}
	EndGlobalSection
EndGlobal
